
Microsoft Visual Studio Solution File, Format Version 10.00
# Visual Studio 2008
Project("{FAE04EC0-301F-11D3-BF4B-00C04F79EFBC}") = "WindowsFormsTestMessageBoxIcons", "WindowsFormsTestMessageBoxIcons\WindowsFormsTestMessageBoxIcons.csproj", "{42BDC75A-A7A4-437C-88F4-25AA9FA2FC22}"
EndProject
Global
	GlobalSection(SourceCodeControl) = preSolution
		SccNumberOfProjects = 2
		SccLocalPath0 = .
		SccProjectUniqueName1 = WindowsFormsTestMessageBoxIcons\\WindowsFormsTestMessageBoxIcons.csproj
		SccLocalPath1 = .
		SccProjectFilePathRelativizedFromConnection1 = WindowsFormsTestMessageBoxIcons\\
	EndGlobalSection
	GlobalSection(SolutionConfigurationPlatforms) = preSolution
		Debug|Any CPU = Debug|Any CPU
		Release|Any CPU = Release|Any CPU
	EndGlobalSection
	GlobalSection(ProjectConfigurationPlatforms) = postSolution
		{42BDC75A-A7A4-437C-88F4-25AA9FA2FC22}.Debug|Any CPU.ActiveCfg = Debug|Any CPU
		{42BDC75A-A7A4-437C-88F4-25AA9FA2FC22}.Debug|Any CPU.Build.0 = Debug|Any CPU
		{42BDC75A-A7A4-437C-88F4-25AA9FA2FC22}.Release|Any CPU.ActiveCfg = Release|Any CPU
		{42BDC75A-A7A4-437C-88F4-25AA9FA2FC22}.Release|Any CPU.Build.0 = Release|Any CPU
	EndGlobalSection
	GlobalSection(SolutionProperties) = preSolution
		HideSolutionNode = FALSE
	EndGlobalSection
EndGlobal
